
Microsoft Visual Studio Solution File, Format Version 12.00
# Visual Studio 14
VisualStudioVersion = 14.0.25420.1
MinimumVisualStudioVersion = 10.0.40219.1
Project("{2150E333-8FDC-42A3-9474-1A3956D46DE8}") = "Mappings", "Mappings", "{40815318-CCAC-4F46-9F2E-C7962A19DB0B}"
	ProjectSection(SolutionItems) = preProject
		mappings\AzureIisLog.json = mappings\AzureIisLog.json
		mappings\SitecoreLogTable.json = mappings\SitecoreLogTable.json
		mappings\WADLogsTable.json = mappings\WADLogsTable.json
		mappings\WADPerformanceCountersTable.json = mappings\WADPerformanceCountersTable.json
		mappings\WADWindowsEventLogsTable.json = mappings\WADWindowsEventLogsTable.json
	EndProjectSection
EndProject
Project("{BB40F520-413E-3EBA-ABD4-2177801094F0}") = "ConveyorBelt", "src\ConveyorBelt\ConveyorBelt.ccproj", "{F3342E9C-4479-4676-81AA-3297BEE00DF7}"
EndProject
Project("{FAE04EC0-301F-11D3-BF4B-00C04F79EFBC}") = "ConveyorBelt.Worker", "src\ConveyorBelt.Worker\ConveyorBelt.Worker.csproj", "{A7E7FF33-4C19-4E7F-BCEC-76EEBA4A0504}"
EndProject
Project("{FAE04EC0-301F-11D3-BF4B-00C04F79EFBC}") = "ConveyorBelt.Tooling", "src\ConveyorBelt.Tooling\ConveyorBelt.Tooling.csproj", "{E8025870-13C9-44B2-9F31-3DD692E64B9B}"
EndProject
Project("{FAE04EC0-301F-11D3-BF4B-00C04F79EFBC}") = "ConveyorBelt.Tooling.Test", "test\ConveyorBelt.Tooling.Test\ConveyorBelt.Tooling.Test.csproj", "{5FB4A4FE-A161-4EAC-8B2F-497BAE7DAFB9}"
EndProject
Project("{FAE04EC0-301F-11D3-BF4B-00C04F79EFBC}") = "ConveyorBelt.ConsoleWorker", "src\ConveyorBelt.ConsoleWorker\ConveyorBelt.ConsoleWorker.csproj", "{15F6DBF7-942D-455C-9AE3-5C2DBFFEFEDC}"
EndProject
Global
	GlobalSection(SolutionConfigurationPlatforms) = preSolution
		Debug|Any CPU = Debug|Any CPU
		Release|Any CPU = Release|Any CPU
	EndGlobalSection
	GlobalSection(ProjectConfigurationPlatforms) = postSolution
		{F3342E9C-4479-4676-81AA-3297BEE00DF7}.Debug|Any CPU.ActiveCfg = Debug|Any CPU
		{F3342E9C-4479-4676-81AA-3297BEE00DF7}.Debug|Any CPU.Build.0 = Debug|Any CPU
		{F3342E9C-4479-4676-81AA-3297BEE00DF7}.Release|Any CPU.ActiveCfg = Release|Any CPU
		{F3342E9C-4479-4676-81AA-3297BEE00DF7}.Release|Any CPU.Build.0 = Release|Any CPU
		{A7E7FF33-4C19-4E7F-BCEC-76EEBA4A0504}.Debug|Any CPU.ActiveCfg = Debug|Any CPU
		{A7E7FF33-4C19-4E7F-BCEC-76EEBA4A0504}.Debug|Any CPU.Build.0 = Debug|Any CPU
		{A7E7FF33-4C19-4E7F-BCEC-76EEBA4A0504}.Release|Any CPU.ActiveCfg = Release|Any CPU
		{A7E7FF33-4C19-4E7F-BCEC-76EEBA4A0504}.Release|Any CPU.Build.0 = Release|Any CPU
		{E8025870-13C9-44B2-9F31-3DD692E64B9B}.Debug|Any CPU.ActiveCfg = Debug|Any CPU
		{E8025870-13C9-44B2-9F31-3DD692E64B9B}.Debug|Any CPU.Build.0 = Debug|Any CPU
		{E8025870-13C9-44B2-9F31-3DD692E64B9B}.Release|Any CPU.ActiveCfg = Release|Any CPU
		{E8025870-13C9-44B2-9F31-3DD692E64B9B}.Release|Any CPU.Build.0 = Release|Any CPU
		{5FB4A4FE-A161-4EAC-8B2F-497BAE7DAFB9}.Debug|Any CPU.ActiveCfg = Debug|Any CPU
		{5FB4A4FE-A161-4EAC-8B2F-497BAE7DAFB9}.Debug|Any CPU.Build.0 = Debug|Any CPU
		{5FB4A4FE-A161-4EAC-8B2F-497BAE7DAFB9}.Release|Any CPU.ActiveCfg = Release|Any CPU
		{5FB4A4FE-A161-4EAC-8B2F-497BAE7DAFB9}.Release|Any CPU.Build.0 = Release|Any CPU
		{15F6DBF7-942D-455C-9AE3-5C2DBFFEFEDC}.Debug|Any CPU.ActiveCfg = Debug|Any CPU
		{15F6DBF7-942D-455C-9AE3-5C2DBFFEFEDC}.Debug|Any CPU.Build.0 = Debug|Any CPU
		{15F6DBF7-942D-455C-9AE3-5C2DBFFEFEDC}.Release|Any CPU.ActiveCfg = Release|Any CPU
		{15F6DBF7-942D-455C-9AE3-5C2DBFFEFEDC}.Release|Any CPU.Build.0 = Release|Any CPU
	EndGlobalSection
	GlobalSection(SolutionProperties) = preSolution
		HideSolutionNode = FALSE
	EndGlobalSection
EndGlobal
